
Microsoft Visual Studio Solution File, Format Version 12.00
# Visual Studio Version 17
VisualStudioVersion = 17.4.33205.214
MinimumVisualStudioVersion = 10.0.40219.1
Project("{2150E333-8FDC-42A3-9474-1A3956D46DE8}") = "src", "src", "{3F315220-FA6D-4167-88D5-29243D132A68}"
EndProject
Project("{2150E333-8FDC-42A3-9474-1A3956D46DE8}") = "test", "test", "{17B13629-43B7-4228-9ADF-A5BD39A1158C}"
EndProject
Project("{2150E333-8FDC-42A3-9474-1A3956D46DE8}") = "API", "API", "{F80BAFFD-7C7E-46F5-9F59-CC0D970100FD}"
EndProject
Project("{2150E333-8FDC-42A3-9474-1A3956D46DE8}") = "Core", "Core", "{69833030-FF0B-4079-A2BA-4BF989DADC7B}"
EndProject
Project("{2150E333-8FDC-42A3-9474-1A3956D46DE8}") = "Infrastructure", "Infrastructure", "{E969CAFD-D3BA-4525-AED5-A1263F111BFF}"
EndProject
Project("{2150E333-8FDC-42A3-9474-1A3956D46DE8}") = "UI", "UI", "{6471F07D-A296-48A1-9C80-685DFDC40273}"
EndProject
Project("{9A19103F-16F7-4668-BE54-9A1E7A4F7556}") = "HR_Management.Domain", "HR_Management.Domain\HR_Management.Domain.csproj", "{052D9803-44EC-4B2D-8E0E-54ED450D810B}"
EndProject
Project("{9A19103F-16F7-4668-BE54-9A1E7A4F7556}") = "HR_Management.Application", "HR_Management.Application\HR_Management.Application.csproj", "{B784E0F1-493F-47C9-B1D0-CAC2C07E19B6}"
EndProject
Project("{9A19103F-16F7-4668-BE54-9A1E7A4F7556}") = "HR_Management.Infrastructure", "HR_Management.Infrastructure\HR_Management.Infrastructure.csproj", "{A647CA5C-E4B0-477E-87CE-6F9E115EEF32}"
EndProject
Project("{9A19103F-16F7-4668-BE54-9A1E7A4F7556}") = "HR_Management.Persistence", "HR_Management.Persistence\HR_Management.Persistence.csproj", "{0D4E3DBD-9036-42F2-8C6B-F68E1FE5D461}"
EndProject
Project("{9A19103F-16F7-4668-BE54-9A1E7A4F7556}") = "HR_Management.Api", "HR_Management.Api\HR_Management.Api.csproj", "{A875BA7C-1073-4806-BFDA-B153DFB18A27}"
EndProject
Project("{9A19103F-16F7-4668-BE54-9A1E7A4F7556}") = "HR_Management.Application.UnitTests", "HR_Management.Application.UnitTests\HR_Management.Application.UnitTests.csproj", "{C3736A43-7652-40EB-85DF-55144426EB9D}"
EndProject
Project("{FAE04EC0-301F-11D3-BF4B-00C04F79EFBC}") = "HR_Managment.MVC", "HR_Managment.MVC\HR_Managment.MVC.csproj", "{5F8F8702-2B13-4240-8042-B07A27F930A7}"
EndProject
Global
	GlobalSection(SolutionConfigurationPlatforms) = preSolution
		Debug|Any CPU = Debug|Any CPU
		Release|Any CPU = Release|Any CPU
	EndGlobalSection
	GlobalSection(ProjectConfigurationPlatforms) = postSolution
		{052D9803-44EC-4B2D-8E0E-54ED450D810B}.Debug|Any CPU.ActiveCfg = Debug|Any CPU
		{052D9803-44EC-4B2D-8E0E-54ED450D810B}.Debug|Any CPU.Build.0 = Debug|Any CPU
		{052D9803-44EC-4B2D-8E0E-54ED450D810B}.Release|Any CPU.ActiveCfg = Release|Any CPU
		{052D9803-44EC-4B2D-8E0E-54ED450D810B}.Release|Any CPU.Build.0 = Release|Any CPU
		{B784E0F1-493F-47C9-B1D0-CAC2C07E19B6}.Debug|Any CPU.ActiveCfg = Debug|Any CPU
		{B784E0F1-493F-47C9-B1D0-CAC2C07E19B6}.Debug|Any CPU.Build.0 = Debug|Any CPU
		{B784E0F1-493F-47C9-B1D0-CAC2C07E19B6}.Release|Any CPU.ActiveCfg = Release|Any CPU
		{B784E0F1-493F-47C9-B1D0-CAC2C07E19B6}.Release|Any CPU.Build.0 = Release|Any CPU
		{A647CA5C-E4B0-477E-87CE-6F9E115EEF32}.Debug|Any CPU.ActiveCfg = Debug|Any CPU
		{A647CA5C-E4B0-477E-87CE-6F9E115EEF32}.Debug|Any CPU.Build.0 = Debug|Any CPU
		{A647CA5C-E4B0-477E-87CE-6F9E115EEF32}.Release|Any CPU.ActiveCfg = Release|Any CPU
		{A647CA5C-E4B0-477E-87CE-6F9E115EEF32}.Release|Any CPU.Build.0 = Release|Any CPU
		{0D4E3DBD-9036-42F2-8C6B-F68E1FE5D461}.Debug|Any CPU.ActiveCfg = Debug|Any CPU
		{0D4E3DBD-9036-42F2-8C6B-F68E1FE5D461}.Debug|Any CPU.Build.0 = Debug|Any CPU
		{0D4E3DBD-9036-42F2-8C6B-F68E1FE5D461}.Release|Any CPU.ActiveCfg = Release|Any CPU
		{0D4E3DBD-9036-42F2-8C6B-F68E1FE5D461}.Release|Any CPU.Build.0 = Release|Any CPU
		{A875BA7C-1073-4806-BFDA-B153DFB18A27}.Debug|Any CPU.ActiveCfg = Debug|Any CPU
		{A875BA7C-1073-4806-BFDA-B153DFB18A27}.Debug|Any CPU.Build.0 = Debug|Any CPU
		{A875BA7C-1073-4806-BFDA-B153DFB18A27}.Release|Any CPU.ActiveCfg = Release|Any CPU
		{A875BA7C-1073-4806-BFDA-B153DFB18A27}.Release|Any CPU.Build.0 = Release|Any CPU
		{C3736A43-7652-40EB-85DF-55144426EB9D}.Debug|Any CPU.ActiveCfg = Debug|Any CPU
		{C3736A43-7652-40EB-85DF-55144426EB9D}.Debug|Any CPU.Build.0 = Debug|Any CPU
		{C3736A43-7652-40EB-85DF-55144426EB9D}.Release|Any CPU.ActiveCfg = Release|Any CPU
		{C3736A43-7652-40EB-85DF-55144426EB9D}.Release|Any CPU.Build.0 = Release|Any CPU
		{5F8F8702-2B13-4240-8042-B07A27F930A7}.Debug|Any CPU.ActiveCfg = Debug|Any CPU
		{5F8F8702-2B13-4240-8042-B07A27F930A7}.Debug|Any CPU.Build.0 = Debug|Any CPU
		{5F8F8702-2B13-4240-8042-B07A27F930A7}.Release|Any CPU.ActiveCfg = Release|Any CPU
		{5F8F8702-2B13-4240-8042-B07A27F930A7}.Release|Any CPU.Build.0 = Release|Any CPU
	EndGlobalSection
	GlobalSection(SolutionProperties) = preSolution
		HideSolutionNode = FALSE
	EndGlobalSection
	GlobalSection(NestedProjects) = preSolution
		{F80BAFFD-7C7E-46F5-9F59-CC0D970100FD} = {3F315220-FA6D-4167-88D5-29243D132A68}
		{69833030-FF0B-4079-A2BA-4BF989DADC7B} = {3F315220-FA6D-4167-88D5-29243D132A68}
		{E969CAFD-D3BA-4525-AED5-A1263F111BFF} = {3F315220-FA6D-4167-88D5-29243D132A68}
		{6471F07D-A296-48A1-9C80-685DFDC40273} = {3F315220-FA6D-4167-88D5-29243D132A68}
		{052D9803-44EC-4B2D-8E0E-54ED450D810B} = {69833030-FF0B-4079-A2BA-4BF989DADC7B}
		{B784E0F1-493F-47C9-B1D0-CAC2C07E19B6} = {69833030-FF0B-4079-A2BA-4BF989DADC7B}
		{A647CA5C-E4B0-477E-87CE-6F9E115EEF32} = {E969CAFD-D3BA-4525-AED5-A1263F111BFF}
		{0D4E3DBD-9036-42F2-8C6B-F68E1FE5D461} = {E969CAFD-D3BA-4525-AED5-A1263F111BFF}
		{A875BA7C-1073-4806-BFDA-B153DFB18A27} = {F80BAFFD-7C7E-46F5-9F59-CC0D970100FD}
		{C3736A43-7652-40EB-85DF-55144426EB9D} = {17B13629-43B7-4228-9ADF-A5BD39A1158C}
		{5F8F8702-2B13-4240-8042-B07A27F930A7} = {6471F07D-A296-48A1-9C80-685DFDC40273}
	EndGlobalSection
	GlobalSection(ExtensibilityGlobals) = postSolution
		SolutionGuid = {002966D8-65F4-4F9E-90F0-3D66AFF83E47}
	EndGlobalSection
EndGlobal
